
Microsoft Visual Studio Solution File, Format Version 12.00
# Visual Studio 15
VisualStudioVersion = 15.0.28307.421
MinimumVisualStudioVersion = 10.0.40219.1
Project("{FAE04EC0-301F-11D3-BF4B-00C04F79EFBC}") = "Game_of_life", "Game_of_life\Game_of_life.csproj", "{457BD3BA-F3CC-49CE-8BE4-14B30674419F}"
EndProject
Project("{2150E333-8FDC-42A3-9474-1A3956D46DE8}") = "Solution Items", "Solution Items", "{15C509D5-698A-4EF9-8279-8B5E65E431F3}"
EndProject
Global
	GlobalSection(SolutionConfigurationPlatforms) = preSolution
		Debug|Any CPU = Debug|Any CPU
		Release|Any CPU = Release|Any CPU
	EndGlobalSection
	GlobalSection(ProjectConfigurationPlatforms) = postSolution
		{457BD3BA-F3CC-49CE-8BE4-14B30674419F}.Debug|Any CPU.ActiveCfg = Debug|Any CPU
		{457BD3BA-F3CC-49CE-8BE4-14B30674419F}.Debug|Any CPU.Build.0 = Debug|Any CPU
		{457BD3BA-F3CC-49CE-8BE4-14B30674419F}.Release|Any CPU.ActiveCfg = Release|Any CPU
		{457BD3BA-F3CC-49CE-8BE4-14B30674419F}.Release|Any CPU.Build.0 = Release|Any CPU
	EndGlobalSection
	GlobalSection(SolutionProperties) = preSolution
		HideSolutionNode = FALSE
	EndGlobalSection
	GlobalSection(ExtensibilityGlobals) = postSolution
		SolutionGuid = {7BF992EB-1C63-4DFF-9412-68A1B7FB85B5}
	EndGlobalSection
EndGlobal
